// !$*UTF8*$!
{
	archiveVersion = 1;
	classes = {
	};
	objectVersion = 46;
	objects = {

/* Begin PBXBuildFile section */
		1332BA611F4750B200DB3DF8 /* AppDelegate.swift in Sources */ = {isa = PBXBuildFile; fileRef = 1332BA601F4750B200DB3DF8 /* AppDelegate.swift */; };
		1332BA631F4750B200DB3DF8 /* ViewController.swift in Sources */ = {isa = PBXBuildFile; fileRef = 1332BA621F4750B200DB3DF8 /* ViewController.swift */; };
		1332BA661F4750B200DB3DF8 /* Main.storyboard in Resources */ = {isa = PBXBuildFile; fileRef = 1332BA641F4750B200DB3DF8 /* Main.storyboard */; };
		1332BA681F4750B200DB3DF8 /* Assets.xcassets in Resources */ = {isa = PBXBuildFile; fileRef = 1332BA671F4750B200DB3DF8 /* Assets.xcassets */; };
		1332BA6B1F4750B200DB3DF8 /* LaunchScreen.storyboard in Resources */ = {isa = PBXBuildFile; fileRef = 1332BA691F4750B200DB3DF8 /* LaunchScreen.storyboard */; };
		1332BA751F4755FC00DB3DF8 /* CoreMotion.framework in Frameworks */ = {isa = PBXBuildFile; fileRef = 1332BA731F4750FA00DB3DF8 /* CoreMotion.framework */; };
/* End PBXBuildFile section */

/* Begin PBXFileReference section */
		1332BA5D1F4750B200DB3DF8 /* acelerometro.app */ = {isa = PBXFileReference; explicitFileType = wrapper.application; includeInIndex = 0; path = acelerometro.app; sourceTree = BUILT_PRODUCTS_DIR; };
		1332BA601F4750B200DB3DF8 /* AppDelegate.swift */ = {isa = PBXFileReference; lastKnownFileType = sourcecode.swift; path = AppDelegate.swift; sourceTree = "<group>"; };
		1332BA621F4750B200DB3DF8 /* ViewController.swift */ = {isa = PBXFileReference; lastKnownFileType = sourcecode.swift; path = ViewController.swift; sourceTree = "<group>"; };
		1332BA651F4750B200DB3DF8 /* Base */ = {isa = PBXFileReference; lastKnownFileType = file.storyboard; name = Base; path = Base.lproj/Main.storyboard; sourceTree = "<group>"; };
		1332BA671F4750B200DB3DF8 /* Assets.xcassets */ = {isa = PBXFileReference; lastKnownFileType = folder.assetcatalog; path = Assets.xcassets; sourceTree = "<group>"; };
		1332BA6A1F4750B200DB3DF8 /* Base */ = {isa = PBXFileReference; lastKnownFileType = file.storyboard; name = Base; path = Base.lproj/LaunchScreen.storyboard; sourceTree = "<group>"; };
		1332BA6C1F4750B200DB3DF8 /* Info.plist */ = {isa = PBXFileReference; lastKnownFileType = text.plist.xml; path = Info.plist; sourceTree = "<group>"; };
		1332BA731F4750FA00DB3DF8 /* CoreMotion.framework */ = {isa = PBXFileReference; lastKnownFileType = wrapper.framework; name = CoreMotion.framework; path = System/Library/Frameworks/CoreMotion.framework; sourceTree = SDKROOT; };
/* End PBXFileReference section */

/* Begin PBXFrameworksBuildPhase section */
		1332BA5A1F4750B200DB3DF8 /* Frameworks */ = {
			isa = PBXFrameworksBuildPhase;
			buildActionMask = 2147483647;
			files = (
				1332BA751F4755FC00DB3DF8 /* CoreMotion.framework in Frameworks */,
			);
			runOnlyForDeploymentPostprocessing = 0;
		};
/* End PBXFrameworksBuildPhase section */

/* Begin PBXGroup section */
		1332BA541F4750B200DB3DF8 = {
			isa = PBXGroup;
			children = (
				1332BA5F1F4750B200DB3DF8 /* acelerometro */,
				1332BA5E1F4750B200DB3DF8 /* Products */,
				1332BA721F4750FA00DB3DF8 /* Frameworks */,
			);
			sourceTree = "<group>";
		};
		1332BA5E1F4750B200DB3DF8 /* Products */ = {
			isa = PBXGroup;
			children = (
				1332BA5D1F4750B200DB3DF8 /* acelerometro.app */,
			);
			name = Products;
			sourceTree = "<group>";
		};
		1332BA5F1F4750B200DB3DF8 /* acelerometro */ = {
			isa = PBXGroup;
			children = (
				1332BA601F4750B200DB3DF8 /* AppDelegate.swift */,
				1332BA621F4750B200DB3DF8 /* ViewController.swift */,
				1332BA641F4750B200DB3DF8 /* Main.storyboard */,
				1332BA671F4750B200DB3DF8 /* Assets.xcassets */,
				1332BA691F4750B200DB3DF8 /* LaunchScreen.storyboard */,
				1332BA6C1F4750B200DB3DF8 /* Info.plist */,
			);
			path = acelerometro;
			sourceTree = "<group>";
		};
		1332BA721F4750FA00DB3DF8 /* Frameworks */ = {
			isa = PBXGroup;
			children = (
				1332BA731F4750FA00DB3DF8 /* CoreMotion.framework */,
			);
			name = Frameworks;
			sourceTree = "<group>";
		};
/* End PBXGroup section */

/* Begin PBXNativeTarget section */
		1332BA5C1F4750B200DB3DF8 /* acelerometro */ = {
			isa = PBXNativeTarget;
			buildConfigurationList = 1332BA6F1F4750B200DB3DF8 /* Build configuration list for PBXNativeTarget "acelerometro" */;
			buildPhases = (
				1332BA591F4750B200DB3DF8 /* Sources */,
				1332BA5A1F4750B200DB3DF8 /* Frameworks */,
				1332BA5B1F4750B200DB3DF8 /* Resources */,
			);
			buildRules = (
			);
			dependencies = (
			);
			name = acelerometro;
			productName = acelerometro;
			productReference = 1332BA5D1F4750B200DB3DF8 /* acelerometro.app */;
			productType = "com.apple.product-type.application";
		};
/* End PBXNativeTarget section */

/* Begin PBXProject section */
		1332BA551F4750B200DB3DF8 /* Project object */ = {
			isa = PBXProject;
			attributes = {
				LastSwiftUpdateCheck = 0830;
				LastUpgradeCheck = 0830;
				ORGANIZATIONNAME = HACSA;
				TargetAttributes = {
					1332BA5C1F4750B200DB3DF8 = {
						CreatedOnToolsVersion = 8.3.3;
						DevelopmentTeam = 55773242R5;
						ProvisioningStyle = Automatic;
					};
				};
			};
			buildConfigurationList = 1332BA581F4750B200DB3DF8 /* Build configuration list for PBXProject "acelerometro" */;
			compatibilityVersion = "Xcode 3.2";
			developmentRegion = English;
			hasScannedForEncodings = 0;
			knownRegions = (
				en,
				Base,
			);
			mainGroup = 1332BA541F4750B200DB3DF8;
			productRefGroup = 1332BA5E1F4750B200DB3DF8 /* Products */;
			projectDirPath = "";
			projectRoot = "";
			targets = (
				1332BA5C1F4750B200DB3DF8 /* acelerometro */,
			);
		};
/* End PBXProject section */

/* Begin PBXResourcesBuildPhase section */
		1332BA5B1F4750B200DB3DF8 /* Resources */ = {
			isa = PBXResourcesBuildPhase;
			buildActionMask = 2147483647;
			files = (
				1332BA6B1F4750B200DB3DF8 /* LaunchScreen.storyboard in Resources */,
				1332BA681F4750B200DB3DF8 /* Assets.xcassets in Resources */,
				1332BA661F4750B200DB3DF8 /* Main.storyboard in Resources */,
			);
			runOnlyForDeploymentPostprocessing = 0;
		};
/* End PBXResourcesBuildPhase section */

/* Begin PBXSourcesBuildPhase section */
		1332BA591F4750B200DB3DF8 /* Sources */ = {
			isa = PBXSourcesBuildPhase;
			buildActionMask = 2147483647;
			files = (
				1332BA631F4750B200DB3DF8 /* ViewController.swift in Sources */,
				1332BA611F4750B200DB3DF8 /* AppDelegate.swift in Sources */,
			);
			runOnlyForDeploymentPostprocessing = 0;
		};
/* End PBXSourcesBuildPhase section */

/* Begin PBXVariantGroup section */
		1332BA641F4750B200DB3DF8 /* Main.storyboard */ = {
			isa = PBXVariantGroup;
			children = (
				1332BA651F4750B200DB3DF8 /* Base */,
			);
			name = Main.storyboard;
			sourceTree = "<group>";
		};
		1332BA691F4750B200DB3DF8 /* LaunchScreen.storyboard */ = {
			isa = PBXVariantGroup;
			children = (
				1332BA6A1F4750B200DB3DF8 /* Base */,
			);
			name = LaunchScreen.storyboard;
			sourceTree = "<group>";
		};
/* End PBXVariantGroup section */

/* Begin XCBuildConfiguration section */
		1332BA6D1F4750B200DB3DF8 /* Debug */ = {
			isa = XCBuildConfiguration;
			buildSettings = {
				ALWAYS_SEARCH_USER_PATHS = NO;
				CLANG_ANALYZER_NONNULL = YES;
				CLANG_ANALYZER_NUMBER_OBJECT_CONVERSION = YES_AGGRESSIVE;
				CLANG_CXX_LANGUAGE_STANDARD = "gnu++0x";
				CLANG_CXX_LIBRARY = "libc++";
				CLANG_ENABLE_MODULES = YES;
				CLANG_ENABLE_OBJC_ARC = YES;
				CLANG_WARN_BOOL_CONVERSION = YES;
				CLANG_WARN_CONSTANT_CONVERSION = YES;
				CLANG_WARN_DIRECT_OBJC_ISA_USAGE = YES_ERROR;
				CLANG_WARN_DOCUMENTATION_COMMENTS = YES;
				CLANG_WARN_EMPTY_BODY = YES;
				CLANG_WARN_ENUM_CONVERSION = YES;
				CLANG_WARN_INFINITE_RECURSION = YES;
				CLANG_WARN_INT_CONVERSION = YES;
				CLANG_WARN_OBJC_ROOT_CLASS = YES_ERROR;
				CLANG_WARN_SUSPICIOUS_MOVE = YES;
				CLANG_WARN_UNREACHABLE_CODE = YES;
				CLANG_WARN__DUPLICATE_METHOD_MATCH = YES;
				"CODE_SIGN_IDENTITY[sdk=iphoneos*]" = "iPhone Developer";
				COPY_PHASE_STRIP = NO;
				DEBUG_INFORMATION_FORMAT = dwarf;
				ENABLE_STRICT_OBJC_MSGSEND = YES;
				ENABLE_TESTABILITY = YES;
				GCC_C_LANGUAGE_STANDARD = gnu99;
				GCC_DYNAMIC_NO_PIC = NO;
				GCC_NO_COMMON_BLOCKS = YES;
				GCC_OPTIMIZATION_LEVEL = 0;
				GCC_PREPROCESSOR_DEFINITIONS = (
					"DEBUG=1",
					"$(inherited)",
				);
				GCC_WARN_64_TO_32_BIT_CONVERSION = YES;
				GCC_WARN_ABOUT_RETURN_TYPE = YES_ERROR;
				GCC_WARN_UNDECLARED_SELECTOR = YES;
				GCC_WARN_UNINITIALIZED_AUTOS = YES_AGGRESSIVE;
				GCC_WARN_UNUSED_FUNCTION = YES;
				GCC_WARN_UNUSED_VARIABLE = YES;
				IPHONEOS_DEPLOYMENT_TARGET = 10.3;
				MTL_ENABLE_DEBUG_INFO = YES;
				ONLY_ACTIVE_ARCH = YES;
				SDKROOT = iphoneos;
				SWIFT_ACTIVE_COMPILATION_CONDITIONS = DEBUG;
				SWIFT_OPTIMIZATION_LEVEL = "-Onone";
			};
			name = Debug;
		};
		1332BA6E1F4750B200DB3DF8 /* Release */ = {
			isa = XCBuildConfiguration;
			buildSettings = {
				ALWAYS_SEARCH_USER_PATHS = NO;
				CLANG_ANALYZER_NONNULL = YES;
				CLANG_ANALYZER_NUMBER_OBJECT_CONVERSION = YES_AGGRESSIVE;
				CLANG_CXX_LANGUAGE_STANDARD = "gnu++0x";
				CLANG_CXX_LIBRARY = "libc++";
				CLANG_ENABLE_MODULES = YES;
				CLANG_ENABLE_OBJC_ARC = YES;
				CLANG_WARN_BOOL_CONVERSION = YES;
				CLANG_WARN_CONSTANT_CONVERSION = YES;
				CLANG_WARN_DIRECT_OBJC_ISA_USAGE = YES_ERROR;
				CLANG_WARN_DOCUMENTATION_COMMENTS = YES;
				CLANG_WARN_EMPTY_BODY = YES;
				CLANG_WARN_ENUM_CONVERSION = YES;
				CLANG_WARN_INFINITE_RECURSION = YES;
				CLANG_WARN_INT_CONVERSION = YES;
				CLANG_WARN_OBJC_ROOT_CLASS = YES_ERROR;
				CLANG_WARN_SUSPICIOUS_MOVE = YES;
				CLANG_WARN_UNREACHABLE_CODE = YES;
				CLANG_WARN__DUPLICATE_METHOD_MATCH = YES;
				"CODE_SIGN_IDENTITY[sdk=iphoneos*]" = "iPhone Developer";
				COPY_PHASE_STRIP = NO;
				DEBUG_INFORMATION_FORMAT = "dwarf-with-dsym";
				ENABLE_NS_ASSERTIONS = NO;
				ENABLE_STRICT_OBJC_MSGSEND = YES;
				GCC_C_LANGUAGE_STANDARD = gnu99;
				GCC_NO_COMMON_BLOCKS = YES;
				GCC_WARN_64_TO_32_BIT_CONVERSION = YES;
				GCC_WARN_ABOUT_RETURN_TYPE = YES_ERROR;
				GCC_WARN_UNDECLARED_SELECTOR = YES;
				GCC_WARN_UNINITIALIZED_AUTOS = YES_AGGRESSIVE;
				GCC_WARN_UNUSED_FUNCTION = YES;
				GCC_WARN_UNUSED_VARIABLE = YES;
				IPHONEOS_DEPLOYMENT_TARGET = 10.3;
				MTL_ENABLE_DEBUG_INFO = NO;
				SDKROOT = iphoneos;
				SWIFT_OPTIMIZATION_LEVEL = "-Owholemodule";
				VALIDATE_PRODUCT = YES;
			};
			name = Release;
		};
		1332BA701F4750B200DB3DF8 /* Debug */ = {
			isa = XCBuildConfiguration;
			buildSettings = {
				ASSETCATALOG_COMPILER_APPICON_NAME = AppIcon;
				DEVELOPMENT_TEAM = 55773242R5;
				INFOPLIST_FILE = acelerometro/Info.plist;
				LD_RUNPATH_SEARCH_PATHS = "$(inherited) @executable_path/Frameworks";
				PRODUCT_BUNDLE_IDENTIFIER = mxcom.caliente.acelerometro;
				PRODUCT_NAME = "$(TARGET_NAME)";
				SWIFT_VERSION = 3.0;
			};
			name = Debug;
		};
		1332BA711F4750B200DB3DF8 /* Release */ = {
			isa = XCBuildConfiguration;
			buildSettings = {
				ASSETCATALOG_COMPILER_APPICON_NAME = AppIcon;
				DEVELOPMENT_TEAM = 55773242R5;
				INFOPLIST_FILE = acelerometro/Info.plist;
				LD_RUNPATH_SEARCH_PATHS = "$(inherited) @executable_path/Frameworks";
				PRODUCT_BUNDLE_IDENTIFIER = mxcom.caliente.acelerometro;
				PRODUCT_NAME = "$(TARGET_NAME)";
				SWIFT_VERSION = 3.0;
			};
			name = Release;
		};
/* End XCBuildConfiguration section */

/* Begin XCConfigurationList section */
		1332BA581F4750B200DB3DF8 /* Build configuration list for PBXProject "acelerometro" */ = {
			isa = XCConfigurationList;
			buildConfigurations = (
				1332BA6D1F4750B200DB3DF8 /* Debug */,
				1332BA6E1F4750B200DB3DF8 /* Release */,
			);
			defaultConfigurationIsVisible = 0;
			defaultConfigurationName = Release;
		};
		1332BA6F1F4750B200DB3DF8 /* Build configuration list for PBXNativeTarget "acelerometro" */ = {
			isa = XCConfigurationList;
			buildConfigurations = (
				1332BA701F4750B200DB3DF8 /* Debug */,
				1332BA711F4750B200DB3DF8 /* Release */,
			);
			defaultConfigurationIsVisible = 0;
		};
/* End XCConfigurationList section */
	};
	rootObject = 1332BA551F4750B200DB3DF8 /* Project object */;
}
